// !$*UTF8*$!
{
	archiveVersion = 1;
	classes = {
	};
	objectVersion = 56;
	objects = {

/* Begin PBXBuildFile section */
		B56505182BBA01BF000532D7 /* AppDelegate.swift in Sources */ = {isa = PBXBuildFile; fileRef = B56505172BBA01BF000532D7 /* AppDelegate.swift */; };
		B565051A2BBA01BF000532D7 /* SceneDelegate.swift in Sources */ = {isa = PBXBuildFile; fileRef = B56505192BBA01BF000532D7 /* SceneDelegate.swift */; };
		B565051C2BBA01BF000532D7 /* ViewController.swift in Sources */ = {isa = PBXBuildFile; fileRef = B565051B2BBA01BF000532D7 /* ViewController.swift */; };
		B565051F2BBA01BF000532D7 /* Main.storyboard in Resources */ = {isa = PBXBuildFile; fileRef = B565051D2BBA01BF000532D7 /* Main.storyboard */; };
		B56505212BBA01C3000532D7 /* Assets.xcassets in Resources */ = {isa = PBXBuildFile; fileRef = B56505202BBA01C3000532D7 /* Assets.xcassets */; };
		B56505242BBA01C3000532D7 /* LaunchScreen.storyboard in Resources */ = {isa = PBXBuildFile; fileRef = B56505222BBA01C3000532D7 /* LaunchScreen.storyboard */; };
		B565052F2BBA01C3000532D7 /* GamePickingApplicationTests.swift in Sources */ = {isa = PBXBuildFile; fileRef = B565052E2BBA01C3000532D7 /* GamePickingApplicationTests.swift */; };
		B56505392BBA01C3000532D7 /* GamePickingApplicationUITests.swift in Sources */ = {isa = PBXBuildFile; fileRef = B56505382BBA01C3000532D7 /* GamePickingApplicationUITests.swift */; };
		B565053B2BBA01C3000532D7 /* GamePickingApplicationUITestsLaunchTests.swift in Sources */ = {isa = PBXBuildFile; fileRef = B565053A2BBA01C3000532D7 /* GamePickingApplicationUITestsLaunchTests.swift */; };
		B56505482BBA0409000532D7 /* GameArray.swift in Sources */ = {isa = PBXBuildFile; fileRef = B56505472BBA0409000532D7 /* GameArray.swift */; };
		B56505642BBA06B9000532D7 /* fnaf1.jpeg in Resources */ = {isa = PBXBuildFile; fileRef = B565054D2BBA06B5000532D7 /* fnaf1.jpeg */; };
		B56505652BBA06B9000532D7 /* fnaf1.jpeg in Resources */ = {isa = PBXBuildFile; fileRef = B565054D2BBA06B5000532D7 /* fnaf1.jpeg */; };
		B56505662BBA06B9000532D7 /* fnaf1.jpeg in Resources */ = {isa = PBXBuildFile; fileRef = B565054D2BBA06B5000532D7 /* fnaf1.jpeg */; };
		B56505672BBA06B9000532D7 /* rocketLeague3.jpeg in Resources */ = {isa = PBXBuildFile; fileRef = B565054E2BBA06B5000532D7 /* rocketLeague3.jpeg */; };
		B56505682BBA06B9000532D7 /* rocketLeague3.jpeg in Resources */ = {isa = PBXBuildFile; fileRef = B565054E2BBA06B5000532D7 /* rocketLeague3.jpeg */; };
		B56505692BBA06B9000532D7 /* rocketLeague3.jpeg in Resources */ = {isa = PBXBuildFile; fileRef = B565054E2BBA06B5000532D7 /* rocketLeague3.jpeg */; };
		B565056A2BBA06B9000532D7 /* minecraft2.jpeg in Resources */ = {isa = PBXBuildFile; fileRef = B565054F2BBA06B5000532D7 /* minecraft2.jpeg */; };
		B565056B2BBA06B9000532D7 /* minecraft2.jpeg in Resources */ = {isa = PBXBuildFile; fileRef = B565054F2BBA06B5000532D7 /* minecraft2.jpeg */; };
		B565056C2BBA06B9000532D7 /* minecraft2.jpeg in Resources */ = {isa = PBXBuildFile; fileRef = B565054F2BBA06B5000532D7 /* minecraft2.jpeg */; };
		B565056D2BBA06B9000532D7 /* rocketLeague1.png in Resources */ = {isa = PBXBuildFile; fileRef = B56505502BBA06B5000532D7 /* rocketLeague1.png */; };
		B565056E2BBA06B9000532D7 /* rocketLeague1.png in Resources */ = {isa = PBXBuildFile; fileRef = B56505502BBA06B5000532D7 /* rocketLeague1.png */; };
		B565056F2BBA06B9000532D7 /* rocketLeague1.png in Resources */ = {isa = PBXBuildFile; fileRef = B56505502BBA06B5000532D7 /* rocketLeague1.png */; };
		B56505702BBA06B9000532D7 /* chess2.jpeg in Resources */ = {isa = PBXBuildFile; fileRef = B56505512BBA06B5000532D7 /* chess2.jpeg */; };
		B56505712BBA06B9000532D7 /* chess2.jpeg in Resources */ = {isa = PBXBuildFile; fileRef = B56505512BBA06B5000532D7 /* chess2.jpeg */; };
		B56505722BBA06B9000532D7 /* chess2.jpeg in Resources */ = {isa = PBXBuildFile; fileRef = B56505512BBA06B5000532D7 /* chess2.jpeg */; };
		B56505732BBA06B9000532D7 /* minecraft1.png in Resources */ = {isa = PBXBuildFile; fileRef = B56505522BBA06B6000532D7 /* minecraft1.png */; };
		B56505742BBA06B9000532D7 /* minecraft1.png in Resources */ = {isa = PBXBuildFile; fileRef = B56505522BBA06B6000532D7 /* minecraft1.png */; };
		B56505752BBA06B9000532D7 /* minecraft1.png in Resources */ = {isa = PBXBuildFile; fileRef = B56505522BBA06B6000532D7 /* minecraft1.png */; };
		B56505792BBA06B9000532D7 /* fnaf2.png in Resources */ = {isa = PBXBuildFile; fileRef = B56505542BBA06B6000532D7 /* fnaf2.png */; };
		B565057A2BBA06B9000532D7 /* fnaf2.png in Resources */ = {isa = PBXBuildFile; fileRef = B56505542BBA06B6000532D7 /* fnaf2.png */; };
		B565057B2BBA06B9000532D7 /* fnaf2.png in Resources */ = {isa = PBXBuildFile; fileRef = B56505542BBA06B6000532D7 /* fnaf2.png */; };
		B565057C2BBA06B9000532D7 /* pacman1.jpeg in Resources */ = {isa = PBXBuildFile; fileRef = B56505552BBA06B6000532D7 /* pacman1.jpeg */; };
		B565057D2BBA06B9000532D7 /* pacman1.jpeg in Resources */ = {isa = PBXBuildFile; fileRef = B56505552BBA06B6000532D7 /* pacman1.jpeg */; };
		B565057E2BBA06B9000532D7 /* pacman1.jpeg in Resources */ = {isa = PBXBuildFile; fileRef = B56505552BBA06B6000532D7 /* pacman1.jpeg */; };
		B565057F2BBA06B9000532D7 /* pokemon2.png in Resources */ = {isa = PBXBuildFile; fileRef = B56505562BBA06B6000532D7 /* pokemon2.png */; };
		B56505802BBA06B9000532D7 /* pokemon2.png in Resources */ = {isa = PBXBuildFile; fileRef = B56505562BBA06B6000532D7 /* pokemon2.png */; };
		B56505812BBA06B9000532D7 /* pokemon2.png in Resources */ = {isa = PBXBuildFile; fileRef = B56505562BBA06B6000532D7 /* pokemon2.png */; };
		B56505822BBA06B9000532D7 /* pokemon3.png in Resources */ = {isa = PBXBuildFile; fileRef = B56505572BBA06B7000532D7 /* pokemon3.png */; };
		B56505832BBA06B9000532D7 /* pokemon3.png in Resources */ = {isa = PBXBuildFile; fileRef = B56505572BBA06B7000532D7 /* pokemon3.png */; };
		B56505842BBA06B9000532D7 /* pokemon3.png in Resources */ = {isa = PBXBuildFile; fileRef = B56505572BBA06B7000532D7 /* pokemon3.png */; };
		B56505852BBA06B9000532D7 /* rocketLeague2.jpeg in Resources */ = {isa = PBXBuildFile; fileRef = B56505582BBA06B7000532D7 /* rocketLeague2.jpeg */; };
		B56505862BBA06B9000532D7 /* rocketLeague2.jpeg in Resources */ = {isa = PBXBuildFile; fileRef = B56505582BBA06B7000532D7 /* rocketLeague2.jpeg */; };
		B56505872BBA06B9000532D7 /* rocketLeague2.jpeg in Resources */ = {isa = PBXBuildFile; fileRef = B56505582BBA06B7000532D7 /* rocketLeague2.jpeg */; };
		B56505882BBA06B9000532D7 /* tetris1.jpg in Resources */ = {isa = PBXBuildFile; fileRef = B56505592BBA06B7000532D7 /* tetris1.jpg */; };
		B56505892BBA06B9000532D7 /* tetris1.jpg in Resources */ = {isa = PBXBuildFile; fileRef = B56505592BBA06B7000532D7 /* tetris1.jpg */; };
		B565058A2BBA06B9000532D7 /* tetris1.jpg in Resources */ = {isa = PBXBuildFile; fileRef = B56505592BBA06B7000532D7 /* tetris1.jpg */; };
		B565058B2BBA06B9000532D7 /* pacman2.jpeg in Resources */ = {isa = PBXBuildFile; fileRef = B565055A2BBA06B7000532D7 /* pacman2.jpeg */; };
		B565058C2BBA06B9000532D7 /* pacman2.jpeg in Resources */ = {isa = PBXBuildFile; fileRef = B565055A2BBA06B7000532D7 /* pacman2.jpeg */; };
		B565058D2BBA06B9000532D7 /* pacman2.jpeg in Resources */ = {isa = PBXBuildFile; fileRef = B565055A2BBA06B7000532D7 /* pacman2.jpeg */; };
		B565058E2BBA06B9000532D7 /* tetris2.png in Resources */ = {isa = PBXBuildFile; fileRef = B565055B2BBA06B7000532D7 /* tetris2.png */; };
		B565058F2BBA06B9000532D7 /* tetris2.png in Resources */ = {isa = PBXBuildFile; fileRef = B565055B2BBA06B7000532D7 /* tetris2.png */; };
		B56505902BBA06B9000532D7 /* tetris2.png in Resources */ = {isa = PBXBuildFile; fileRef = B565055B2BBA06B7000532D7 /* tetris2.png */; };
		B56505912BBA06B9000532D7 /* tetris3.jpeg in Resources */ = {isa = PBXBuildFile; fileRef = B565055C2BBA06B8000532D7 /* tetris3.jpeg */; };
		B56505922BBA06B9000532D7 /* tetris3.jpeg in Resources */ = {isa = PBXBuildFile; fileRef = B565055C2BBA06B8000532D7 /* tetris3.jpeg */; };
		B56505932BBA06B9000532D7 /* tetris3.jpeg in Resources */ = {isa = PBXBuildFile; fileRef = B565055C2BBA06B8000532D7 /* tetris3.jpeg */; };
		B56505942BBA06B9000532D7 /* hollowKnight1.png in Resources */ = {isa = PBXBuildFile; fileRef = B565055D2BBA06B8000532D7 /* hollowKnight1.png */; };
		B56505952BBA06B9000532D7 /* hollowKnight1.png in Resources */ = {isa = PBXBuildFile; fileRef = B565055D2BBA06B8000532D7 /* hollowKnight1.png */; };
		B56505962BBA06B9000532D7 /* hollowKnight1.png in Resources */ = {isa = PBXBuildFile; fileRef = B565055D2BBA06B8000532D7 /* hollowKnight1.png */; };
		B56505972BBA06B9000532D7 /* hollowKnight3.jpeg in Resources */ = {isa = PBXBuildFile; fileRef = B565055E2BBA06B8000532D7 /* hollowKnight3.jpeg */; };
		B56505982BBA06B9000532D7 /* hollowKnight3.jpeg in Resources */ = {isa = PBXBuildFile; fileRef = B565055E2BBA06B8000532D7 /* hollowKnight3.jpeg */; };
		B56505992BBA06B9000532D7 /* hollowKnight3.jpeg in Resources */ = {isa = PBXBuildFile; fileRef = B565055E2BBA06B8000532D7 /* hollowKnight3.jpeg */; };
		B565059A2BBA06B9000532D7 /* minecraft3.jpeg in Resources */ = {isa = PBXBuildFile; fileRef = B565055F2BBA06B8000532D7 /* minecraft3.jpeg */; };
		B565059B2BBA06B9000532D7 /* minecraft3.jpeg in Resources */ = {isa = PBXBuildFile; fileRef = B565055F2BBA06B8000532D7 /* minecraft3.jpeg */; };
		B565059C2BBA06B9000532D7 /* minecraft3.jpeg in Resources */ = {isa = PBXBuildFile; fileRef = B565055F2BBA06B8000532D7 /* minecraft3.jpeg */; };
		B565059D2BBA06B9000532D7 /* sims3.png in Resources */ = {isa = PBXBuildFile; fileRef = B56505602BBA06B8000532D7 /* sims3.png */; };
		B565059E2BBA06B9000532D7 /* sims3.png in Resources */ = {isa = PBXBuildFile; fileRef = B56505602BBA06B8000532D7 /* sims3.png */; };
		B565059F2BBA06B9000532D7 /* sims3.png in Resources */ = {isa = PBXBuildFile; fileRef = B56505602BBA06B8000532D7 /* sims3.png */; };
		B56505A02BBA06B9000532D7 /* chess1.jpg in Resources */ = {isa = PBXBuildFile; fileRef = B56505612BBA06B8000532D7 /* chess1.jpg */; };
		B56505A12BBA06B9000532D7 /* chess1.jpg in Resources */ = {isa = PBXBuildFile; fileRef = B56505612BBA06B8000532D7 /* chess1.jpg */; };
		B56505A22BBA06B9000532D7 /* chess1.jpg in Resources */ = {isa = PBXBuildFile; fileRef = B56505612BBA06B8000532D7 /* chess1.jpg */; };
		B56505A32BBA06B9000532D7 /* sims1.jpeg in Resources */ = {isa = PBXBuildFile; fileRef = B56505622BBA06B9000532D7 /* sims1.jpeg */; };
		B56505A42BBA06B9000532D7 /* sims1.jpeg in Resources */ = {isa = PBXBuildFile; fileRef = B56505622BBA06B9000532D7 /* sims1.jpeg */; };
		B56505A52BBA06B9000532D7 /* sims1.jpeg in Resources */ = {isa = PBXBuildFile; fileRef = B56505622BBA06B9000532D7 /* sims1.jpeg */; };
		B56505A62BBA06B9000532D7 /* chess3.png in Resources */ = {isa = PBXBuildFile; fileRef = B56505632BBA06B9000532D7 /* chess3.png */; };
		B56505A72BBA06B9000532D7 /* chess3.png in Resources */ = {isa = PBXBuildFile; fileRef = B56505632BBA06B9000532D7 /* chess3.png */; };
		B56505A82BBA06B9000532D7 /* chess3.png in Resources */ = {isa = PBXBuildFile; fileRef = B56505632BBA06B9000532D7 /* chess3.png */; };
		B56505AA2BBA1219000532D7 /* next.mp3 in Resources */ = {isa = PBXBuildFile; fileRef = B56505A92BBA1219000532D7 /* next.mp3 */; };
		B56505AB2BBA1219000532D7 /* next.mp3 in Resources */ = {isa = PBXBuildFile; fileRef = B56505A92BBA1219000532D7 /* next.mp3 */; };
		B56505AC2BBA1219000532D7 /* next.mp3 in Resources */ = {isa = PBXBuildFile; fileRef = B56505A92BBA1219000532D7 /* next.mp3 */; };
		B58E9F022BE9091B00C58637 /* FNAFLogo.png in Resources */ = {isa = PBXBuildFile; fileRef = B58E9EF92BE9091700C58637 /* FNAFLogo.png */; };
		B58E9F032BE9091B00C58637 /* ChessLogo.png in Resources */ = {isa = PBXBuildFile; fileRef = B58E9EFA2BE9091800C58637 /* ChessLogo.png */; };
		B58E9F042BE9091B00C58637 /* sims4Logo.png in Resources */ = {isa = PBXBuildFile; fileRef = B58E9EFB2BE9091800C58637 /* sims4Logo.png */; };
		B58E9F052BE9091B00C58637 /* tetrisLogo.png in Resources */ = {isa = PBXBuildFile; fileRef = B58E9EFC2BE9091900C58637 /* tetrisLogo.png */; };
		B58E9F062BE9091B00C58637 /* PokemonLogo.png in Resources */ = {isa = PBXBuildFile; fileRef = B58E9EFD2BE9091900C58637 /* PokemonLogo.png */; };
		B58E9F072BE9091B00C58637 /* RocketLeagueLogo.png in Resources */ = {isa = PBXBuildFile; fileRef = B58E9EFE2BE9091900C58637 /* RocketLeagueLogo.png */; };
		B58E9F082BE9091B00C58637 /* HollowKnightLogo.png in Resources */ = {isa = PBXBuildFile; fileRef = B58E9EFF2BE9091A00C58637 /* HollowKnightLogo.png */; };
		B58E9F092BE9091B00C58637 /* pacmanLogo.png in Resources */ = {isa = PBXBuildFile; fileRef = B58E9F002BE9091A00C58637 /* pacmanLogo.png */; };
		B58E9F0A2BE9091B00C58637 /* minecraftLogo.png in Resources */ = {isa = PBXBuildFile; fileRef = B58E9F012BE9091B00C58637 /* minecraftLogo.png */; };
		B5CD8C4B2BE2AB5F00AA2DA7 /* pokemon1.jpeg in Resources */ = {isa = PBXBuildFile; fileRef = B5CD8C4A2BE2AB5E00AA2DA7 /* pokemon1.jpeg */; };
		B5CD8C4F2BE2B4A900AA2DA7 /* FirstViewController.swift in Sources */ = {isa = PBXBuildFile; fileRef = B5CD8C4E2BE2B4A900AA2DA7 /* FirstViewController.swift */; };
/* End PBXBuildFile section */

/* Begin PBXContainerItemProxy section */
		B565052B2BBA01C3000532D7 /* PBXContainerItemProxy */ = {
			isa = PBXContainerItemProxy;
			containerPortal = B565050C2BBA01BF000532D7 /* Project object */;
			proxyType = 1;
			remoteGlobalIDString = B56505132BBA01BF000532D7;
			remoteInfo = GamePickingApplication;
		};
		B56505352BBA01C3000532D7 /* PBXContainerItemProxy */ = {
			isa = PBXContainerItemProxy;
			containerPortal = B565050C2BBA01BF000532D7 /* Project object */;
			proxyType = 1;
			remoteGlobalIDString = B56505132BBA01BF000532D7;
			remoteInfo = GamePickingApplication;
		};
/* End PBXContainerItemProxy section */

/* Begin PBXFileReference section */
		B56505142BBA01BF000532D7 /* GamePickingApplication.app */ = {isa = PBXFileReference; explicitFileType = wrapper.application; includeInIndex = 0; path = GamePickingApplication.app; sourceTree = BUILT_PRODUCTS_DIR; };
		B56505172BBA01BF000532D7 /* AppDelegate.swift */ = {isa = PBXFileReference; lastKnownFileType = sourcecode.swift; path = AppDelegate.swift; sourceTree = "<group>"; };
		B56505192BBA01BF000532D7 /* SceneDelegate.swift */ = {isa = PBXFileReference; lastKnownFileType = sourcecode.swift; path = SceneDelegate.swift; sourceTree = "<group>"; };
		B565051B2BBA01BF000532D7 /* ViewController.swift */ = {isa = PBXFileReference; lastKnownFileType = sourcecode.swift; path = ViewController.swift; sourceTree = "<group>"; };
		B565051E2BBA01BF000532D7 /* Base */ = {isa = PBXFileReference; lastKnownFileType = file.storyboard; name = Base; path = Base.lproj/Main.storyboard; sourceTree = "<group>"; };
		B56505202BBA01C3000532D7 /* Assets.xcassets */ = {isa = PBXFileReference; lastKnownFileType = folder.assetcatalog; path = Assets.xcassets; sourceTree = "<group>"; };
		B56505232BBA01C3000532D7 /* Base */ = {isa = PBXFileReference; lastKnownFileType = file.storyboard; name = Base; path = Base.lproj/LaunchScreen.storyboard; sourceTree = "<group>"; };
		B56505252BBA01C3000532D7 /* Info.plist */ = {isa = PBXFileReference; lastKnownFileType = text.plist.xml; path = Info.plist; sourceTree = "<group>"; };
		B565052A2BBA01C3000532D7 /* GamePickingApplicationTests.xctest */ = {isa = PBXFileReference; explicitFileType = wrapper.cfbundle; includeInIndex = 0; path = GamePickingApplicationTests.xctest; sourceTree = BUILT_PRODUCTS_DIR; };
		B565052E2BBA01C3000532D7 /* GamePickingApplicationTests.swift */ = {isa = PBXFileReference; lastKnownFileType = sourcecode.swift; path = GamePickingApplicationTests.swift; sourceTree = "<group>"; };
		B56505342BBA01C3000532D7 /* GamePickingApplicationUITests.xctest */ = {isa = PBXFileReference; explicitFileType = wrapper.cfbundle; includeInIndex = 0; path = GamePickingApplicationUITests.xctest; sourceTree = BUILT_PRODUCTS_DIR; };
		B56505382BBA01C3000532D7 /* GamePickingApplicationUITests.swift */ = {isa = PBXFileReference; lastKnownFileType = sourcecode.swift; path = GamePickingApplicationUITests.swift; sourceTree = "<group>"; };
		B565053A2BBA01C3000532D7 /* GamePickingApplicationUITestsLaunchTests.swift */ = {isa = PBXFileReference; lastKnownFileType = sourcecode.swift; path = GamePickingApplicationUITestsLaunchTests.swift; sourceTree = "<group>"; };
		B56505472BBA0409000532D7 /* GameArray.swift */ = {isa = PBXFileReference; fileEncoding = 4; lastKnownFileType = sourcecode.swift; path = GameArray.swift; sourceTree = "<group>"; };
		B565054D2BBA06B5000532D7 /* fnaf1.jpeg */ = {isa = PBXFileReference; lastKnownFileType = image.jpeg; path = fnaf1.jpeg; sourceTree = "<group>"; };
		B565054E2BBA06B5000532D7 /* rocketLeague3.jpeg */ = {isa = PBXFileReference; lastKnownFileType = image.jpeg; path = rocketLeague3.jpeg; sourceTree = "<group>"; };
		B565054F2BBA06B5000532D7 /* minecraft2.jpeg */ = {isa = PBXFileReference; lastKnownFileType = image.jpeg; path = minecraft2.jpeg; sourceTree = "<group>"; };
		B56505502BBA06B5000532D7 /* rocketLeague1.png */ = {isa = PBXFileReference; lastKnownFileType = image.png; path = rocketLeague1.png; sourceTree = "<group>"; };
		B56505512BBA06B5000532D7 /* chess2.jpeg */ = {isa = PBXFileReference; lastKnownFileType = image.jpeg; path = chess2.jpeg; sourceTree = "<group>"; };
		B56505522BBA06B6000532D7 /* minecraft1.png */ = {isa = PBXFileReference; lastKnownFileType = image.png; path = minecraft1.png; sourceTree = "<group>"; };
		B56505542BBA06B6000532D7 /* fnaf2.png */ = {isa = PBXFileReference; lastKnownFileType = image.png; path = fnaf2.png; sourceTree = "<group>"; };
		B56505552BBA06B6000532D7 /* pacman1.jpeg */ = {isa = PBXFileReference; lastKnownFileType = image.jpeg; path = pacman1.jpeg; sourceTree = "<group>"; };
		B56505562BBA06B6000532D7 /* pokemon2.png */ = {isa = PBXFileReference; lastKnownFileType = image.png; path = pokemon2.png; sourceTree = "<group>"; };
		B56505572BBA06B7000532D7 /* pokemon3.png */ = {isa = PBXFileReference; lastKnownFileType = image.png; path = pokemon3.png; sourceTree = "<group>"; };
		B56505582BBA06B7000532D7 /* rocketLeague2.jpeg */ = {isa = PBXFileReference; lastKnownFileType = image.jpeg; path = rocketLeague2.jpeg; sourceTree = "<group>"; };
		B56505592BBA06B7000532D7 /* tetris1.jpg */ = {isa = PBXFileReference; lastKnownFileType = image.jpeg; path = tetris1.jpg; sourceTree = "<group>"; };
		B565055A2BBA06B7000532D7 /* pacman2.jpeg */ = {isa = PBXFileReference; lastKnownFileType = image.jpeg; path = pacman2.jpeg; sourceTree = "<group>"; };
		B565055B2BBA06B7000532D7 /* tetris2.png */ = {isa = PBXFileReference; lastKnownFileType = image.png; path = tetris2.png; sourceTree = "<group>"; };
		B565055C2BBA06B8000532D7 /* tetris3.jpeg */ = {isa = PBXFileReference; lastKnownFileType = image.jpeg; path = tetris3.jpeg; sourceTree = "<group>"; };
		B565055D2BBA06B8000532D7 /* hollowKnight1.png */ = {isa = PBXFileReference; lastKnownFileType = image.png; path = hollowKnight1.png; sourceTree = "<group>"; };
		B565055E2BBA06B8000532D7 /* hollowKnight3.jpeg */ = {isa = PBXFileReference; lastKnownFileType = image.jpeg; path = hollowKnight3.jpeg; sourceTree = "<group>"; };
		B565055F2BBA06B8000532D7 /* minecraft3.jpeg */ = {isa = PBXFileReference; lastKnownFileType = image.jpeg; path = minecraft3.jpeg; sourceTree = "<group>"; };
		B56505602BBA06B8000532D7 /* sims3.png */ = {isa = PBXFileReference; lastKnownFileType = image.png; path = sims3.png; sourceTree = "<group>"; };
		B56505612BBA06B8000532D7 /* chess1.jpg */ = {isa = PBXFileReference; lastKnownFileType = image.jpeg; path = chess1.jpg; sourceTree = "<group>"; };
		B56505622BBA06B9000532D7 /* sims1.jpeg */ = {isa = PBXFileReference; lastKnownFileType = image.jpeg; path = sims1.jpeg; sourceTree = "<group>"; };
		B56505632BBA06B9000532D7 /* chess3.png */ = {isa = PBXFileReference; lastKnownFileType = image.png; path = chess3.png; sourceTree = "<group>"; };
		B56505A92BBA1219000532D7 /* next.mp3 */ = {isa = PBXFileReference; lastKnownFileType = audio.mp3; path = next.mp3; sourceTree = "<group>"; };
		B58E9EF92BE9091700C58637 /* FNAFLogo.png */ = {isa = PBXFileReference; lastKnownFileType = image.png; path = FNAFLogo.png; sourceTree = "<group>"; };
		B58E9EFA2BE9091800C58637 /* ChessLogo.png */ = {isa = PBXFileReference; lastKnownFileType = image.png; path = ChessLogo.png; sourceTree = "<group>"; };
		B58E9EFB2BE9091800C58637 /* sims4Logo.png */ = {isa = PBXFileReference; lastKnownFileType = image.png; path = sims4Logo.png; sourceTree = "<group>"; };
		B58E9EFC2BE9091900C58637 /* tetrisLogo.png */ = {isa = PBXFileReference; lastKnownFileType = image.png; path = tetrisLogo.png; sourceTree = "<group>"; };
		B58E9EFD2BE9091900C58637 /* PokemonLogo.png */ = {isa = PBXFileReference; lastKnownFileType = image.png; path = PokemonLogo.png; sourceTree = "<group>"; };
		B58E9EFE2BE9091900C58637 /* RocketLeagueLogo.png */ = {isa = PBXFileReference; lastKnownFileType = image.png; path = RocketLeagueLogo.png; sourceTree = "<group>"; };
		B58E9EFF2BE9091A00C58637 /* HollowKnightLogo.png */ = {isa = PBXFileReference; lastKnownFileType = image.png; path = HollowKnightLogo.png; sourceTree = "<group>"; };
		B58E9F002BE9091A00C58637 /* pacmanLogo.png */ = {isa = PBXFileReference; lastKnownFileType = image.png; path = pacmanLogo.png; sourceTree = "<group>"; };
		B58E9F012BE9091B00C58637 /* minecraftLogo.png */ = {isa = PBXFileReference; lastKnownFileType = image.png; path = minecraftLogo.png; sourceTree = "<group>"; };
		B5CD8C4A2BE2AB5E00AA2DA7 /* pokemon1.jpeg */ = {isa = PBXFileReference; lastKnownFileType = image.jpeg; path = pokemon1.jpeg; sourceTree = "<group>"; };
		B5CD8C4E2BE2B4A900AA2DA7 /* FirstViewController.swift */ = {isa = PBXFileReference; lastKnownFileType = sourcecode.swift; path = FirstViewController.swift; sourceTree = "<group>"; };
/* End PBXFileReference section */

/* Begin PBXFrameworksBuildPhase section */
		B56505112BBA01BF000532D7 /* Frameworks */ = {
			isa = PBXFrameworksBuildPhase;
			buildActionMask = 2147483647;
			files = (
			);
			runOnlyForDeploymentPostprocessing = 0;
		};
		B56505272BBA01C3000532D7 /* Frameworks */ = {
			isa = PBXFrameworksBuildPhase;
			buildActionMask = 2147483647;
			files = (
			);
			runOnlyForDeploymentPostprocessing = 0;
		};
		B56505312BBA01C3000532D7 /* Frameworks */ = {
			isa = PBXFrameworksBuildPhase;
			buildActionMask = 2147483647;
			files = (
			);
			runOnlyForDeploymentPostprocessing = 0;
		};
/* End PBXFrameworksBuildPhase section */

/* Begin PBXGroup section */
		B565050B2BBA01BF000532D7 = {
			isa = PBXGroup;
			children = (
				B56505162BBA01BF000532D7 /* GamePickingApplication */,
				B565052D2BBA01C3000532D7 /* GamePickingApplicationTests */,
				B56505372BBA01C3000532D7 /* GamePickingApplicationUITests */,
				B56505152BBA01BF000532D7 /* Products */,
			);
			sourceTree = "<group>";
		};
		B56505152BBA01BF000532D7 /* Products */ = {
			isa = PBXGroup;
			children = (
				B56505142BBA01BF000532D7 /* GamePickingApplication.app */,
				B565052A2BBA01C3000532D7 /* GamePickingApplicationTests.xctest */,
				B56505342BBA01C3000532D7 /* GamePickingApplicationUITests.xctest */,
			);
			name = Products;
			sourceTree = "<group>";
		};
		B56505162BBA01BF000532D7 /* GamePickingApplication */ = {
			isa = PBXGroup;
			children = (
				B56505A92BBA1219000532D7 /* next.mp3 */,
				B56505172BBA01BF000532D7 /* AppDelegate.swift */,
				B56505192BBA01BF000532D7 /* SceneDelegate.swift */,
				B565051B2BBA01BF000532D7 /* ViewController.swift */,
				B565051D2BBA01BF000532D7 /* Main.storyboard */,
				B56505202BBA01C3000532D7 /* Assets.xcassets */,
				B56505222BBA01C3000532D7 /* LaunchScreen.storyboard */,
				B56505252BBA01C3000532D7 /* Info.plist */,
				B56505472BBA0409000532D7 /* GameArray.swift */,
				B56505612BBA06B8000532D7 /* chess1.jpg */,
				B56505512BBA06B5000532D7 /* chess2.jpeg */,
				B56505632BBA06B9000532D7 /* chess3.png */,
				B565054D2BBA06B5000532D7 /* fnaf1.jpeg */,
				B56505542BBA06B6000532D7 /* fnaf2.png */,
				B565055D2BBA06B8000532D7 /* hollowKnight1.png */,
				B565055E2BBA06B8000532D7 /* hollowKnight3.jpeg */,
				B56505522BBA06B6000532D7 /* minecraft1.png */,
				B565054F2BBA06B5000532D7 /* minecraft2.jpeg */,
				B565055F2BBA06B8000532D7 /* minecraft3.jpeg */,
				B56505552BBA06B6000532D7 /* pacman1.jpeg */,
				B5CD8C4A2BE2AB5E00AA2DA7 /* pokemon1.jpeg */,
				B565055A2BBA06B7000532D7 /* pacman2.jpeg */,
				B56505562BBA06B6000532D7 /* pokemon2.png */,
				B56505572BBA06B7000532D7 /* pokemon3.png */,
				B56505502BBA06B5000532D7 /* rocketLeague1.png */,
				B56505582BBA06B7000532D7 /* rocketLeague2.jpeg */,
				B565054E2BBA06B5000532D7 /* rocketLeague3.jpeg */,
				B56505622BBA06B9000532D7 /* sims1.jpeg */,
				B56505602BBA06B8000532D7 /* sims3.png */,
				B56505592BBA06B7000532D7 /* tetris1.jpg */,
				B565055B2BBA06B7000532D7 /* tetris2.png */,
				B565055C2BBA06B8000532D7 /* tetris3.jpeg */,
				B58E9EFA2BE9091800C58637 /* ChessLogo.png */,
				B58E9EF92BE9091700C58637 /* FNAFLogo.png */,
				B58E9EFF2BE9091A00C58637 /* HollowKnightLogo.png */,
				B58E9F012BE9091B00C58637 /* minecraftLogo.png */,
				B58E9F002BE9091A00C58637 /* pacmanLogo.png */,
				B58E9EFD2BE9091900C58637 /* PokemonLogo.png */,
				B58E9EFE2BE9091900C58637 /* RocketLeagueLogo.png */,
				B58E9EFB2BE9091800C58637 /* sims4Logo.png */,
				B58E9EFC2BE9091900C58637 /* tetrisLogo.png */,
				B5CD8C4E2BE2B4A900AA2DA7 /* FirstViewController.swift */,
			);
			path = GamePickingApplication;
			sourceTree = "<group>";
		};
		B565052D2BBA01C3000532D7 /* GamePickingApplicationTests */ = {
			isa = PBXGroup;
			children = (
				B565052E2BBA01C3000532D7 /* GamePickingApplicationTests.swift */,
			);
			path = GamePickingApplicationTests;
			sourceTree = "<group>";
		};
		B56505372BBA01C3000532D7 /* GamePickingApplicationUITests */ = {
			isa = PBXGroup;
			children = (
				B56505382BBA01C3000532D7 /* GamePickingApplicationUITests.swift */,
				B565053A2BBA01C3000532D7 /* GamePickingApplicationUITestsLaunchTests.swift */,
			);
			path = GamePickingApplicationUITests;
			sourceTree = "<group>";
		};
/* End PBXGroup section */

/* Begin PBXNativeTarget section */
		B56505132BBA01BF000532D7 /* GamePickingApplication */ = {
			isa = PBXNativeTarget;
			buildConfigurationList = B565053E2BBA01C3000532D7 /* Build configuration list for PBXNativeTarget "GamePickingApplication" */;
			buildPhases = (
				B56505102BBA01BF000532D7 /* Sources */,
				B56505112BBA01BF000532D7 /* Frameworks */,
				B56505122BBA01BF000532D7 /* Resources */,
			);
			buildRules = (
			);
			dependencies = (
			);
			name = GamePickingApplication;
			productName = GamePickingApplication;
			productReference = B56505142BBA01BF000532D7 /* GamePickingApplication.app */;
			productType = "com.apple.product-type.application";
		};
		B56505292BBA01C3000532D7 /* GamePickingApplicationTests */ = {
			isa = PBXNativeTarget;
			buildConfigurationList = B56505412BBA01C3000532D7 /* Build configuration list for PBXNativeTarget "GamePickingApplicationTests" */;
			buildPhases = (
				B56505262BBA01C3000532D7 /* Sources */,
				B56505272BBA01C3000532D7 /* Frameworks */,
				B56505282BBA01C3000532D7 /* Resources */,
			);
			buildRules = (
			);
			dependencies = (
				B565052C2BBA01C3000532D7 /* PBXTargetDependency */,
			);
			name = GamePickingApplicationTests;
			productName = GamePickingApplicationTests;
			productReference = B565052A2BBA01C3000532D7 /* GamePickingApplicationTests.xctest */;
			productType = "com.apple.product-type.bundle.unit-test";
		};
		B56505332BBA01C3000532D7 /* GamePickingApplicationUITests */ = {
			isa = PBXNativeTarget;
			buildConfigurationList = B56505442BBA01C3000532D7 /* Build configuration list for PBXNativeTarget "GamePickingApplicationUITests" */;
			buildPhases = (
				B56505302BBA01C3000532D7 /* Sources */,
				B56505312BBA01C3000532D7 /* Frameworks */,
				B56505322BBA01C3000532D7 /* Resources */,
			);
			buildRules = (
			);
			dependencies = (
				B56505362BBA01C3000532D7 /* PBXTargetDependency */,
			);
			name = GamePickingApplicationUITests;
			productName = GamePickingApplicationUITests;
			productReference = B56505342BBA01C3000532D7 /* GamePickingApplicationUITests.xctest */;
			productType = "com.apple.product-type.bundle.ui-testing";
		};
/* End PBXNativeTarget section */

/* Begin PBXProject section */
		B565050C2BBA01BF000532D7 /* Project object */ = {
			isa = PBXProject;
			attributes = {
				BuildIndependentTargetsInParallel = 1;
				LastSwiftUpdateCheck = 1520;
				LastUpgradeCheck = 1520;
				TargetAttributes = {
					B56505132BBA01BF000532D7 = {
						CreatedOnToolsVersion = 15.2;
					};
					B56505292BBA01C3000532D7 = {
						CreatedOnToolsVersion = 15.2;
						TestTargetID = B56505132BBA01BF000532D7;
					};
					B56505332BBA01C3000532D7 = {
						CreatedOnToolsVersion = 15.2;
						TestTargetID = B56505132BBA01BF000532D7;
					};
				};
			};
			buildConfigurationList = B565050F2BBA01BF000532D7 /* Build configuration list for PBXProject "GamePickingApplication" */;
			compatibilityVersion = "Xcode 14.0";
			developmentRegion = en;
			hasScannedForEncodings = 0;
			knownRegions = (
				en,
				Base,
			);
			mainGroup = B565050B2BBA01BF000532D7;
			productRefGroup = B56505152BBA01BF000532D7 /* Products */;
			projectDirPath = "";
			projectRoot = "";
			targets = (
				B56505132BBA01BF000532D7 /* GamePickingApplication */,
				B56505292BBA01C3000532D7 /* GamePickingApplicationTests */,
				B56505332BBA01C3000532D7 /* GamePickingApplicationUITests */,
			);
		};
/* End PBXProject section */

/* Begin PBXResourcesBuildPhase section */
		B56505122BBA01BF000532D7 /* Resources */ = {
			isa = PBXResourcesBuildPhase;
			buildActionMask = 2147483647;
			files = (
				B565056D2BBA06B9000532D7 /* rocketLeague1.png in Resources */,
				B56505AA2BBA1219000532D7 /* next.mp3 in Resources */,
				B56505A32BBA06B9000532D7 /* sims1.jpeg in Resources */,
				B56505242BBA01C3000532D7 /* LaunchScreen.storyboard in Resources */,
				B56505972BBA06B9000532D7 /* hollowKnight3.jpeg in Resources */,
				B56505882BBA06B9000532D7 /* tetris1.jpg in Resources */,
				B56505852BBA06B9000532D7 /* rocketLeague2.jpeg in Resources */,
				B56505642BBA06B9000532D7 /* fnaf1.jpeg in Resources */,
				B58E9F082BE9091B00C58637 /* HollowKnightLogo.png in Resources */,
				B56505912BBA06B9000532D7 /* tetris3.jpeg in Resources */,
				B56505822BBA06B9000532D7 /* pokemon3.png in Resources */,
				B56505672BBA06B9000532D7 /* rocketLeague3.jpeg in Resources */,
				B56505A62BBA06B9000532D7 /* chess3.png in Resources */,
				B58E9F062BE9091B00C58637 /* PokemonLogo.png in Resources */,
				B565056A2BBA06B9000532D7 /* minecraft2.jpeg in Resources */,
				B56505212BBA01C3000532D7 /* Assets.xcassets in Resources */,
				B56505702BBA06B9000532D7 /* chess2.jpeg in Resources */,
				B56505942BBA06B9000532D7 /* hollowKnight1.png in Resources */,
				B565058E2BBA06B9000532D7 /* tetris2.png in Resources */,
				B58E9F092BE9091B00C58637 /* pacmanLogo.png in Resources */,
				B58E9F042BE9091B00C58637 /* sims4Logo.png in Resources */,
				B56505732BBA06B9000532D7 /* minecraft1.png in Resources */,
				B5CD8C4B2BE2AB5F00AA2DA7 /* pokemon1.jpeg in Resources */,
				B565058B2BBA06B9000532D7 /* pacman2.jpeg in Resources */,
				B58E9F072BE9091B00C58637 /* RocketLeagueLogo.png in Resources */,
				B56505792BBA06B9000532D7 /* fnaf2.png in Resources */,
				B58E9F0A2BE9091B00C58637 /* minecraftLogo.png in Resources */,
				B565059A2BBA06B9000532D7 /* minecraft3.jpeg in Resources */,
				B58E9F032BE9091B00C58637 /* ChessLogo.png in Resources */,
				B565059D2BBA06B9000532D7 /* sims3.png in Resources */,
				B58E9F022BE9091B00C58637 /* FNAFLogo.png in Resources */,
				B565057F2BBA06B9000532D7 /* pokemon2.png in Resources */,
				B565057C2BBA06B9000532D7 /* pacman1.jpeg in Resources */,
				B565051F2BBA01BF000532D7 /* Main.storyboard in Resources */,
				B56505A02BBA06B9000532D7 /* chess1.jpg in Resources */,
				B58E9F052BE9091B00C58637 /* tetrisLogo.png in Resources */,
			);
			runOnlyForDeploymentPostprocessing = 0;
		};
		B56505282BBA01C3000532D7 /* Resources */ = {
			isa = PBXResourcesBuildPhase;
			buildActionMask = 2147483647;
			files = (
				B56505922BBA06B9000532D7 /* tetris3.jpeg in Resources */,
				B565059E2BBA06B9000532D7 /* sims3.png in Resources */,
				B56505742BBA06B9000532D7 /* minecraft1.png in Resources */,
				B565056E2BBA06B9000532D7 /* rocketLeague1.png in Resources */,
				B565059B2BBA06B9000532D7 /* minecraft3.jpeg in Resources */,
				B56505652BBA06B9000532D7 /* fnaf1.jpeg in Resources */,
				B56505862BBA06B9000532D7 /* rocketLeague2.jpeg in Resources */,
				B565057A2BBA06B9000532D7 /* fnaf2.png in Resources */,
				B56505802BBA06B9000532D7 /* pokemon2.png in Resources */,
				B56505AB2BBA1219000532D7 /* next.mp3 in Resources */,
				B56505982BBA06B9000532D7 /* hollowKnight3.jpeg in Resources */,
				B56505952BBA06B9000532D7 /* hollowKnight1.png in Resources */,
				B56505832BBA06B9000532D7 /* pokemon3.png in Resources */,
				B56505A72BBA06B9000532D7 /* chess3.png in Resources */,
				B56505A12BBA06B9000532D7 /* chess1.jpg in Resources */,
				B565058C2BBA06B9000532D7 /* pacman2.jpeg in Resources */,
				B56505712BBA06B9000532D7 /* chess2.jpeg in Resources */,
				B565058F2BBA06B9000532D7 /* tetris2.png in Resources */,
				B565056B2BBA06B9000532D7 /* minecraft2.jpeg in Resources */,
				B56505682BBA06B9000532D7 /* rocketLeague3.jpeg in Resources */,
				B56505A42BBA06B9000532D7 /* sims1.jpeg in Resources */,
				B56505892BBA06B9000532D7 /* tetris1.jpg in Resources */,
				B565057D2BBA06B9000532D7 /* pacman1.jpeg in Resources */,
			);
			runOnlyForDeploymentPostprocessing = 0;
		};
		B56505322BBA01C3000532D7 /* Resources */ = {
			isa = PBXResourcesBuildPhase;
			buildActionMask = 2147483647;
			files = (
				B56505932BBA06B9000532D7 /* tetris3.jpeg in Resources */,
				B565059F2BBA06B9000532D7 /* sims3.png in Resources */,
				B56505752BBA06B9000532D7 /* minecraft1.png in Resources */,
				B565056F2BBA06B9000532D7 /* rocketLeague1.png in Resources */,
				B565059C2BBA06B9000532D7 /* minecraft3.jpeg in Resources */,
				B56505662BBA06B9000532D7 /* fnaf1.jpeg in Resources */,
				B56505872BBA06B9000532D7 /* rocketLeague2.jpeg in Resources */,
				B565057B2BBA06B9000532D7 /* fnaf2.png in Resources */,
				B56505812BBA06B9000532D7 /* pokemon2.png in Resources */,
				B56505AC2BBA1219000532D7 /* next.mp3 in Resources */,
				B56505992BBA06B9000532D7 /* hollowKnight3.jpeg in Resources */,
				B56505962BBA06B9000532D7 /* hollowKnight1.png in Resources */,
				B56505842BBA06B9000532D7 /* pokemon3.png in Resources */,
				B56505A82BBA06B9000532D7 /* chess3.png in Resources */,
				B56505A22BBA06B9000532D7 /* chess1.jpg in Resources */,
				B565058D2BBA06B9000532D7 /* pacman2.jpeg in Resources */,
				B56505722BBA06B9000532D7 /* chess2.jpeg in Resources */,
				B56505902BBA06B9000532D7 /* tetris2.png in Resources */,
				B565056C2BBA06B9000532D7 /* minecraft2.jpeg in Resources */,
				B56505692BBA06B9000532D7 /* rocketLeague3.jpeg in Resources */,
				B56505A52BBA06B9000532D7 /* sims1.jpeg in Resources */,
				B565058A2BBA06B9000532D7 /* tetris1.jpg in Resources */,
				B565057E2BBA06B9000532D7 /* pacman1.jpeg in Resources */,
			);
			runOnlyForDeploymentPostprocessing = 0;
		};
/* End PBXResourcesBuildPhase section */

/* Begin PBXSourcesBuildPhase section */
		B56505102BBA01BF000532D7 /* Sources */ = {
			isa = PBXSourcesBuildPhase;
			buildActionMask = 2147483647;
			files = (
				B5CD8C4F2BE2B4A900AA2DA7 /* FirstViewController.swift in Sources */,
				B565051C2BBA01BF000532D7 /* ViewController.swift in Sources */,
				B56505182BBA01BF000532D7 /* AppDelegate.swift in Sources */,
				B565051A2BBA01BF000532D7 /* SceneDelegate.swift in Sources */,
				B56505482BBA0409000532D7 /* GameArray.swift in Sources */,
			);
			runOnlyForDeploymentPostprocessing = 0;
		};
		B56505262BBA01C3000532D7 /* Sources */ = {
			isa = PBXSourcesBuildPhase;
			buildActionMask = 2147483647;
			files = (
				B565052F2BBA01C3000532D7 /* GamePickingApplicationTests.swift in Sources */,
			);
			runOnlyForDeploymentPostprocessing = 0;
		};
		B56505302BBA01C3000532D7 /* Sources */ = {
			isa = PBXSourcesBuildPhase;
			buildActionMask = 2147483647;
			files = (
				B56505392BBA01C3000532D7 /* GamePickingApplicationUITests.swift in Sources */,
				B565053B2BBA01C3000532D7 /* GamePickingApplicationUITestsLaunchTests.swift in Sources */,
			);
			runOnlyForDeploymentPostprocessing = 0;
		};
/* End PBXSourcesBuildPhase section */

/* Begin PBXTargetDependency section */
		B565052C2BBA01C3000532D7 /* PBXTargetDependency */ = {
			isa = PBXTargetDependency;
			target = B56505132BBA01BF000532D7 /* GamePickingApplication */;
			targetProxy = B565052B2BBA01C3000532D7 /* PBXContainerItemProxy */;
		};
		B56505362BBA01C3000532D7 /* PBXTargetDependency */ = {
			isa = PBXTargetDependency;
			target = B56505132BBA01BF000532D7 /* GamePickingApplication */;
			targetProxy = B56505352BBA01C3000532D7 /* PBXContainerItemProxy */;
		};
/* End PBXTargetDependency section */

/* Begin PBXVariantGroup section */
		B565051D2BBA01BF000532D7 /* Main.storyboard */ = {
			isa = PBXVariantGroup;
			children = (
				B565051E2BBA01BF000532D7 /* Base */,
			);
			name = Main.storyboard;
			sourceTree = "<group>";
		};
		B56505222BBA01C3000532D7 /* LaunchScreen.storyboard */ = {
			isa = PBXVariantGroup;
			children = (
				B56505232BBA01C3000532D7 /* Base */,
			);
			name = LaunchScreen.storyboard;
			sourceTree = "<group>";
		};
/* End PBXVariantGroup section */

/* Begin XCBuildConfiguration section */
		B565053C2BBA01C3000532D7 /* Debug */ = {
			isa = XCBuildConfiguration;
			buildSettings = {
				ALWAYS_SEARCH_USER_PATHS = NO;
				ASSETCATALOG_COMPILER_GENERATE_SWIFT_ASSET_SYMBOL_EXTENSIONS = YES;
				CLANG_ANALYZER_NONNULL = YES;
				CLANG_ANALYZER_NUMBER_OBJECT_CONVERSION = YES_AGGRESSIVE;
				CLANG_CXX_LANGUAGE_STANDARD = "gnu++20";
				CLANG_ENABLE_MODULES = YES;
				CLANG_ENABLE_OBJC_ARC = YES;
				CLANG_ENABLE_OBJC_WEAK = YES;
				CLANG_WARN_BLOCK_CAPTURE_AUTORELEASING = YES;
				CLANG_WARN_BOOL_CONVERSION = YES;
				CLANG_WARN_COMMA = YES;
				CLANG_WARN_CONSTANT_CONVERSION = YES;
				CLANG_WARN_DEPRECATED_OBJC_IMPLEMENTATIONS = YES;
				CLANG_WARN_DIRECT_OBJC_ISA_USAGE = YES_ERROR;
				CLANG_WARN_DOCUMENTATION_COMMENTS = YES;
				CLANG_WARN_EMPTY_BODY = YES;
				CLANG_WARN_ENUM_CONVERSION = YES;
				CLANG_WARN_INFINITE_RECURSION = YES;
				CLANG_WARN_INT_CONVERSION = YES;
				CLANG_WARN_NON_LITERAL_NULL_CONVERSION = YES;
				CLANG_WARN_OBJC_IMPLICIT_RETAIN_SELF = YES;
				CLANG_WARN_OBJC_LITERAL_CONVERSION = YES;
				CLANG_WARN_OBJC_ROOT_CLASS = YES_ERROR;
				CLANG_WARN_QUOTED_INCLUDE_IN_FRAMEWORK_HEADER = YES;
				CLANG_WARN_RANGE_LOOP_ANALYSIS = YES;
				CLANG_WARN_STRICT_PROTOTYPES = YES;
				CLANG_WARN_SUSPICIOUS_MOVE = YES;
				CLANG_WARN_UNGUARDED_AVAILABILITY = YES_AGGRESSIVE;
				CLANG_WARN_UNREACHABLE_CODE = YES;
				CLANG_WARN__DUPLICATE_METHOD_MATCH = YES;
				COPY_PHASE_STRIP = NO;
				DEBUG_INFORMATION_FORMAT = dwarf;
				ENABLE_STRICT_OBJC_MSGSEND = YES;
				ENABLE_TESTABILITY = YES;
				ENABLE_USER_SCRIPT_SANDBOXING = YES;
				GCC_C_LANGUAGE_STANDARD = gnu17;
				GCC_DYNAMIC_NO_PIC = NO;
				GCC_NO_COMMON_BLOCKS = YES;
				GCC_OPTIMIZATION_LEVEL = 0;
				GCC_PREPROCESSOR_DEFINITIONS = (
					"DEBUG=1",
					"$(inherited)",
				);
				GCC_WARN_64_TO_32_BIT_CONVERSION = YES;
				GCC_WARN_ABOUT_RETURN_TYPE = YES_ERROR;
				GCC_WARN_UNDECLARED_SELECTOR = YES;
				GCC_WARN_UNINITIALIZED_AUTOS = YES_AGGRESSIVE;
				GCC_WARN_UNUSED_FUNCTION = YES;
				GCC_WARN_UNUSED_VARIABLE = YES;
				IPHONEOS_DEPLOYMENT_TARGET = 17.2;
				LOCALIZATION_PREFERS_STRING_CATALOGS = YES;
				MTL_ENABLE_DEBUG_INFO = INCLUDE_SOURCE;
				MTL_FAST_MATH = YES;
				ONLY_ACTIVE_ARCH = YES;
				SDKROOT = iphoneos;
				SWIFT_ACTIVE_COMPILATION_CONDITIONS = "DEBUG $(inherited)";
				SWIFT_OPTIMIZATION_LEVEL = "-Onone";
			};
			name = Debug;
		};
		B565053D2BBA01C3000532D7 /* Release */ = {
			isa = XCBuildConfiguration;
			buildSettings = {
				ALWAYS_SEARCH_USER_PATHS = NO;
				ASSETCATALOG_COMPILER_GENERATE_SWIFT_ASSET_SYMBOL_EXTENSIONS = YES;
				CLANG_ANALYZER_NONNULL = YES;
				CLANG_ANALYZER_NUMBER_OBJECT_CONVERSION = YES_AGGRESSIVE;
				CLANG_CXX_LANGUAGE_STANDARD = "gnu++20";
				CLANG_ENABLE_MODULES = YES;
				CLANG_ENABLE_OBJC_ARC = YES;
				CLANG_ENABLE_OBJC_WEAK = YES;
				CLANG_WARN_BLOCK_CAPTURE_AUTORELEASING = YES;
				CLANG_WARN_BOOL_CONVERSION = YES;
				CLANG_WARN_COMMA = YES;
				CLANG_WARN_CONSTANT_CONVERSION = YES;
				CLANG_WARN_DEPRECATED_OBJC_IMPLEMENTATIONS = YES;
				CLANG_WARN_DIRECT_OBJC_ISA_USAGE = YES_ERROR;
				CLANG_WARN_DOCUMENTATION_COMMENTS = YES;
				CLANG_WARN_EMPTY_BODY = YES;
				CLANG_WARN_ENUM_CONVERSION = YES;
				CLANG_WARN_INFINITE_RECURSION = YES;
				CLANG_WARN_INT_CONVERSION = YES;
				CLANG_WARN_NON_LITERAL_NULL_CONVERSION = YES;
				CLANG_WARN_OBJC_IMPLICIT_RETAIN_SELF = YES;
				CLANG_WARN_OBJC_LITERAL_CONVERSION = YES;
				CLANG_WARN_OBJC_ROOT_CLASS = YES_ERROR;
				CLANG_WARN_QUOTED_INCLUDE_IN_FRAMEWORK_HEADER = YES;
				CLANG_WARN_RANGE_LOOP_ANALYSIS = YES;
				CLANG_WARN_STRICT_PROTOTYPES = YES;
				CLANG_WARN_SUSPICIOUS_MOVE = YES;
				CLANG_WARN_UNGUARDED_AVAILABILITY = YES_AGGRESSIVE;
				CLANG_WARN_UNREACHABLE_CODE = YES;
				CLANG_WARN__DUPLICATE_METHOD_MATCH = YES;
				COPY_PHASE_STRIP = NO;
				DEBUG_INFORMATION_FORMAT = "dwarf-with-dsym";
				ENABLE_NS_ASSERTIONS = NO;
				ENABLE_STRICT_OBJC_MSGSEND = YES;
				ENABLE_USER_SCRIPT_SANDBOXING = YES;
				GCC_C_LANGUAGE_STANDARD = gnu17;
				GCC_NO_COMMON_BLOCKS = YES;
				GCC_WARN_64_TO_32_BIT_CONVERSION = YES;
				GCC_WARN_ABOUT_RETURN_TYPE = YES_ERROR;
				GCC_WARN_UNDECLARED_SELECTOR = YES;
				GCC_WARN_UNINITIALIZED_AUTOS = YES_AGGRESSIVE;
				GCC_WARN_UNUSED_FUNCTION = YES;
				GCC_WARN_UNUSED_VARIABLE = YES;
				IPHONEOS_DEPLOYMENT_TARGET = 17.2;
				LOCALIZATION_PREFERS_STRING_CATALOGS = YES;
				MTL_ENABLE_DEBUG_INFO = NO;
				MTL_FAST_MATH = YES;
				SDKROOT = iphoneos;
				SWIFT_COMPILATION_MODE = wholemodule;
				VALIDATE_PRODUCT = YES;
			};
			name = Release;
		};
		B565053F2BBA01C3000532D7 /* Debug */ = {
			isa = XCBuildConfiguration;
			buildSettings = {
				ASSETCATALOG_COMPILER_APPICON_NAME = AppIcon;
				ASSETCATALOG_COMPILER_GLOBAL_ACCENT_COLOR_NAME = AccentColor;
				CODE_SIGN_STYLE = Automatic;
				CURRENT_PROJECT_VERSION = 1;
				GENERATE_INFOPLIST_FILE = YES;
				INFOPLIST_FILE = GamePickingApplication/Info.plist;
				INFOPLIST_KEY_UIApplicationSupportsIndirectInputEvents = YES;
				INFOPLIST_KEY_UILaunchStoryboardName = LaunchScreen;
				INFOPLIST_KEY_UIMainStoryboardFile = Main;
				INFOPLIST_KEY_UISupportedInterfaceOrientations_iPad = "UIInterfaceOrientationPortrait UIInterfaceOrientationPortraitUpsideDown UIInterfaceOrientationLandscapeLeft UIInterfaceOrientationLandscapeRight";
				INFOPLIST_KEY_UISupportedInterfaceOrientations_iPhone = "UIInterfaceOrientationPortrait UIInterfaceOrientationLandscapeLeft UIInterfaceOrientationLandscapeRight";
				LD_RUNPATH_SEARCH_PATHS = (
					"$(inherited)",
					"@executable_path/Frameworks",
				);
				MARKETING_VERSION = 1.0;
				PRODUCT_BUNDLE_IDENTIFIER = edu.gmu.GamePickingApplication;
				PRODUCT_NAME = "$(TARGET_NAME)";
				SWIFT_EMIT_LOC_STRINGS = YES;
				SWIFT_VERSION = 5.0;
				TARGETED_DEVICE_FAMILY = "1,2";
			};
			name = Debug;
		};
		B56505402BBA01C3000532D7 /* Release */ = {
			isa = XCBuildConfiguration;
			buildSettings = {
				ASSETCATALOG_COMPILER_APPICON_NAME = AppIcon;
				ASSETCATALOG_COMPILER_GLOBAL_ACCENT_COLOR_NAME = AccentColor;
				CODE_SIGN_STYLE = Automatic;
				CURRENT_PROJECT_VERSION = 1;
				GENERATE_INFOPLIST_FILE = YES;
				INFOPLIST_FILE = GamePickingApplication/Info.plist;
				INFOPLIST_KEY_UIApplicationSupportsIndirectInputEvents = YES;
				INFOPLIST_KEY_UILaunchStoryboardName = LaunchScreen;
				INFOPLIST_KEY_UIMainStoryboardFile = Main;
				INFOPLIST_KEY_UISupportedInterfaceOrientations_iPad = "UIInterfaceOrientationPortrait UIInterfaceOrientationPortraitUpsideDown UIInterfaceOrientationLandscapeLeft UIInterfaceOrientationLandscapeRight";
				INFOPLIST_KEY_UISupportedInterfaceOrientations_iPhone = "UIInterfaceOrientationPortrait UIInterfaceOrientationLandscapeLeft UIInterfaceOrientationLandscapeRight";
				LD_RUNPATH_SEARCH_PATHS = (
					"$(inherited)",
					"@executable_path/Frameworks",
				);
				MARKETING_VERSION = 1.0;
				PRODUCT_BUNDLE_IDENTIFIER = edu.gmu.GamePickingApplication;
				PRODUCT_NAME = "$(TARGET_NAME)";
				SWIFT_EMIT_LOC_STRINGS = YES;
				SWIFT_VERSION = 5.0;
				TARGETED_DEVICE_FAMILY = "1,2";
			};
			name = Release;
		};
		B56505422BBA01C3000532D7 /* Debug */ = {
			isa = XCBuildConfiguration;
			buildSettings = {
				ALWAYS_EMBED_SWIFT_STANDARD_LIBRARIES = YES;
				BUNDLE_LOADER = "$(TEST_HOST)";
				CODE_SIGN_STYLE = Automatic;
				CURRENT_PROJECT_VERSION = 1;
				GENERATE_INFOPLIST_FILE = YES;
				IPHONEOS_DEPLOYMENT_TARGET = 17.2;
				MARKETING_VERSION = 1.0;
				PRODUCT_BUNDLE_IDENTIFIER = edu.gmu.GamePickingApplicationTests;
				PRODUCT_NAME = "$(TARGET_NAME)";
				SWIFT_EMIT_LOC_STRINGS = NO;
				SWIFT_VERSION = 5.0;
				TARGETED_DEVICE_FAMILY = "1,2";
				TEST_HOST = "$(BUILT_PRODUCTS_DIR)/GamePickingApplication.app/$(BUNDLE_EXECUTABLE_FOLDER_PATH)/GamePickingApplication";
			};
			name = Debug;
		};
		B56505432BBA01C3000532D7 /* Release */ = {
			isa = XCBuildConfiguration;
			buildSettings = {
				ALWAYS_EMBED_SWIFT_STANDARD_LIBRARIES = YES;
				BUNDLE_LOADER = "$(TEST_HOST)";
				CODE_SIGN_STYLE = Automatic;
				CURRENT_PROJECT_VERSION = 1;
				GENERATE_INFOPLIST_FILE = YES;
				IPHONEOS_DEPLOYMENT_TARGET = 17.2;
				MARKETING_VERSION = 1.0;
				PRODUCT_BUNDLE_IDENTIFIER = edu.gmu.GamePickingApplicationTests;
				PRODUCT_NAME = "$(TARGET_NAME)";
				SWIFT_EMIT_LOC_STRINGS = NO;
				SWIFT_VERSION = 5.0;
				TARGETED_DEVICE_FAMILY = "1,2";
				TEST_HOST = "$(BUILT_PRODUCTS_DIR)/GamePickingApplication.app/$(BUNDLE_EXECUTABLE_FOLDER_PATH)/GamePickingApplication";
			};
			name = Release;
		};
		B56505452BBA01C3000532D7 /* Debug */ = {
			isa = XCBuildConfiguration;
			buildSettings = {
				ALWAYS_EMBED_SWIFT_STANDARD_LIBRARIES = YES;
				CODE_SIGN_STYLE = Automatic;
				CURRENT_PROJECT_VERSION = 1;
				GENERATE_INFOPLIST_FILE = YES;
				MARKETING_VERSION = 1.0;
				PRODUCT_BUNDLE_IDENTIFIER = edu.gmu.GamePickingApplicationUITests;
				PRODUCT_NAME = "$(TARGET_NAME)";
				SWIFT_EMIT_LOC_STRINGS = NO;
				SWIFT_VERSION = 5.0;
				TARGETED_DEVICE_FAMILY = "1,2";
				TEST_TARGET_NAME = GamePickingApplication;
			};
			name = Debug;
		};
		B56505462BBA01C3000532D7 /* Release */ = {
			isa = XCBuildConfiguration;
			buildSettings = {
				ALWAYS_EMBED_SWIFT_STANDARD_LIBRARIES = YES;
				CODE_SIGN_STYLE = Automatic;
				CURRENT_PROJECT_VERSION = 1;
				GENERATE_INFOPLIST_FILE = YES;
				MARKETING_VERSION = 1.0;
				PRODUCT_BUNDLE_IDENTIFIER = edu.gmu.GamePickingApplicationUITests;
				PRODUCT_NAME = "$(TARGET_NAME)";
				SWIFT_EMIT_LOC_STRINGS = NO;
				SWIFT_VERSION = 5.0;
				TARGETED_DEVICE_FAMILY = "1,2";
				TEST_TARGET_NAME = GamePickingApplication;
			};
			name = Release;
		};
/* End XCBuildConfiguration section */

/* Begin XCConfigurationList section */
		B565050F2BBA01BF000532D7 /* Build configuration list for PBXProject "GamePickingApplication" */ = {
			isa = XCConfigurationList;
			buildConfigurations = (
				B565053C2BBA01C3000532D7 /* Debug */,
				B565053D2BBA01C3000532D7 /* Release */,
			);
			defaultConfigurationIsVisible = 0;
			defaultConfigurationName = Release;
		};
		B565053E2BBA01C3000532D7 /* Build configuration list for PBXNativeTarget "GamePickingApplication" */ = {
			isa = XCConfigurationList;
			buildConfigurations = (
				B565053F2BBA01C3000532D7 /* Debug */,
				B56505402BBA01C3000532D7 /* Release */,
			);
			defaultConfigurationIsVisible = 0;
			defaultConfigurationName = Release;
		};
		B56505412BBA01C3000532D7 /* Build configuration list for PBXNativeTarget "GamePickingApplicationTests" */ = {
			isa = XCConfigurationList;
			buildConfigurations = (
				B56505422BBA01C3000532D7 /* Debug */,
				B56505432BBA01C3000532D7 /* Release */,
			);
			defaultConfigurationIsVisible = 0;
			defaultConfigurationName = Release;
		};
		B56505442BBA01C3000532D7 /* Build configuration list for PBXNativeTarget "GamePickingApplicationUITests" */ = {
			isa = XCConfigurationList;
			buildConfigurations = (
				B56505452BBA01C3000532D7 /* Debug */,
				B56505462BBA01C3000532D7 /* Release */,
			);
			defaultConfigurationIsVisible = 0;
			defaultConfigurationName = Release;
		};
/* End XCConfigurationList section */
	};
	rootObject = B565050C2BBA01BF000532D7 /* Project object */;
}
